// !$*UTF8*$!
{
	archiveVersion = 1;
	classes = {
	};
	objectVersion = 46;
	objects = {

/* Begin PBXBuildFile section */
		F2F53FCB1D7317AD007AFDAB /* AppDelegate.swift in Sources */ = {isa = PBXBuildFile; fileRef = F2F53FCA1D7317AD007AFDAB /* AppDelegate.swift */; };
		F2F53FCD1D7317AD007AFDAB /* ViewController.swift in Sources */ = {isa = PBXBuildFile; fileRef = F2F53FCC1D7317AD007AFDAB /* ViewController.swift */; };
		F2F53FD01D7317AD007AFDAB /* Main.storyboard in Resources */ = {isa = PBXBuildFile; fileRef = F2F53FCE1D7317AD007AFDAB /* Main.storyboard */; };
		F2F53FD21D7317AD007AFDAB /* Assets.xcassets in Resources */ = {isa = PBXBuildFile; fileRef = F2F53FD11D7317AD007AFDAB /* Assets.xcassets */; };
		F2F53FD51D7317AD007AFDAB /* LaunchScreen.storyboard in Resources */ = {isa = PBXBuildFile; fileRef = F2F53FD31D7317AD007AFDAB /* LaunchScreen.storyboard */; };
/* End PBXBuildFile section */

/* Begin PBXFileReference section */
		F2F53FC71D7317AC007AFDAB /* CollapsingHeaderStarter.app */ = {isa = PBXFileReference; explicitFileType = wrapper.application; includeInIndex = 0; path = CollapsingHeaderStarter.app; sourceTree = BUILT_PRODUCTS_DIR; };
		F2F53FCA1D7317AD007AFDAB /* AppDelegate.swift */ = {isa = PBXFileReference; lastKnownFileType = sourcecode.swift; path = AppDelegate.swift; sourceTree = "<group>"; };
		F2F53FCC1D7317AD007AFDAB /* ViewController.swift */ = {isa = PBXFileReference; lastKnownFileType = sourcecode.swift; path = ViewController.swift; sourceTree = "<group>"; };
		F2F53FCF1D7317AD007AFDAB /* Base */ = {isa = PBXFileReference; lastKnownFileType = file.storyboard; name = Base; path = Base.lproj/Main.storyboard; sourceTree = "<group>"; };
		F2F53FD11D7317AD007AFDAB /* Assets.xcassets */ = {isa = PBXFileReference; lastKnownFileType = folder.assetcatalog; path = Assets.xcassets; sourceTree = "<group>"; };
		F2F53FD41D7317AD007AFDAB /* Base */ = {isa = PBXFileReference; lastKnownFileType = file.storyboard; name = Base; path = Base.lproj/LaunchScreen.storyboard; sourceTree = "<group>"; };
		F2F53FD61D7317AD007AFDAB /* Info.plist */ = {isa = PBXFileReference; lastKnownFileType = text.plist.xml; path = Info.plist; sourceTree = "<group>"; };
/* End PBXFileReference section */

/* Begin PBXFrameworksBuildPhase section */
		F2F53FC41D7317AC007AFDAB /* Frameworks */ = {
			isa = PBXFrameworksBuildPhase;
			buildActionMask = 2147483647;
			files = (
			);
			runOnlyForDeploymentPostprocessing = 0;
		};
/* End PBXFrameworksBuildPhase section */

/* Begin PBXGroup section */
		F2F53FBE1D7317AC007AFDAB = {
			isa = PBXGroup;
			children = (
				F2F53FC91D7317AD007AFDAB /* CollapsingHeaderStarter */,
				F2F53FC81D7317AC007AFDAB /* Products */,
			);
			sourceTree = "<group>";
		};
		F2F53FC81D7317AC007AFDAB /* Products */ = {
			isa = PBXGroup;
			children = (
				F2F53FC71D7317AC007AFDAB /* CollapsingHeaderStarter.app */,
			);
			name = Products;
			sourceTree = "<group>";
		};
		F2F53FC91D7317AD007AFDAB /* CollapsingHeaderStarter */ = {
			isa = PBXGroup;
			children = (
				F2F53FCA1D7317AD007AFDAB /* AppDelegate.swift */,
				F2F53FCC1D7317AD007AFDAB /* ViewController.swift */,
				F2F53FCE1D7317AD007AFDAB /* Main.storyboard */,
				F2F53FD11D7317AD007AFDAB /* Assets.xcassets */,
				F2F53FD31D7317AD007AFDAB /* LaunchScreen.storyboard */,
				F2F53FD61D7317AD007AFDAB /* Info.plist */,
			);
			path = CollapsingHeaderStarter;
			sourceTree = "<group>";
		};
/* End PBXGroup section */

/* Begin PBXNativeTarget section */
		F2F53FC61D7317AC007AFDAB /* CollapsingHeaderStarter */ = {
			isa = PBXNativeTarget;
			buildConfigurationList = F2F53FD91D7317AD007AFDAB /* Build configuration list for PBXNativeTarget "CollapsingHeaderStarter" */;
			buildPhases = (
				F2F53FC31D7317AC007AFDAB /* Sources */,
				F2F53FC41D7317AC007AFDAB /* Frameworks */,
				F2F53FC51D7317AC007AFDAB /* Resources */,
			);
			buildRules = (
			);
			dependencies = (
			);
			name = CollapsingHeaderStarter;
			productName = CollapsingHeaderStarter;
			productReference = F2F53FC71D7317AC007AFDAB /* CollapsingHeaderStarter.app */;
			productType = "com.apple.product-type.application";
		};
/* End PBXNativeTarget section */

/* Begin PBXProject section */
		F2F53FBF1D7317AC007AFDAB /* Project object */ = {
			isa = PBXProject;
			attributes = {
				LastSwiftUpdateCheck = 0730;
				LastUpgradeCheck = 0730;
				ORGANIZATIONNAME = "Emil Gräs";
				TargetAttributes = {
					F2F53FC61D7317AC007AFDAB = {
						CreatedOnToolsVersion = 7.3;
						DevelopmentTeam = 8HU6A8XN8M;
					};
				};
			};
			buildConfigurationList = F2F53FC21D7317AC007AFDAB /* Build configuration list for PBXProject "CollapsingHeaderStarter" */;
			compatibilityVersion = "Xcode 3.2";
			developmentRegion = English;
			hasScannedForEncodings = 0;
			knownRegions = (
				en,
				Base,
			);
			mainGroup = F2F53FBE1D7317AC007AFDAB;
			productRefGroup = F2F53FC81D7317AC007AFDAB /* Products */;
			projectDirPath = "";
			projectRoot = "";
			targets = (
				F2F53FC61D7317AC007AFDAB /* CollapsingHeaderStarter */,
			);
		};
/* End PBXProject section */

/* Begin PBXResourcesBuildPhase section */
		F2F53FC51D7317AC007AFDAB /* Resources */ = {
			isa = PBXResourcesBuildPhase;
			buildActionMask = 2147483647;
			files = (
				F2F53FD51D7317AD007AFDAB /* LaunchScreen.storyboard in Resources */,
				F2F53FD21D7317AD007AFDAB /* Assets.xcassets in Resources */,
				F2F53FD01D7317AD007AFDAB /* Main.storyboard in Resources */,
			);
			runOnlyForDeploymentPostprocessing = 0;
		};
/* End PBXResourcesBuildPhase section */

/* Begin PBXSourcesBuildPhase section */
		F2F53FC31D7317AC007AFDAB /* Sources */ = {
			isa = PBXSourcesBuildPhase;
			buildActionMask = 2147483647;
			files = (
				F2F53FCD1D7317AD007AFDAB /* ViewController.swift in Sources */,
				F2F53FCB1D7317AD007AFDAB /* AppDelegate.swift in Sources */,
			);
			runOnlyForDeploymentPostprocessing = 0;
		};
/* End PBXSourcesBuildPhase section */

/* Begin PBXVariantGroup section */
		F2F53FCE1D7317AD007AFDAB /* Main.storyboard */ = {
			isa = PBXVariantGroup;
			children = (
				F2F53FCF1D7317AD007AFDAB /* Base */,
			);
			name = Main.storyboard;
			sourceTree = "<group>";
		};
		F2F53FD31D7317AD007AFDAB /* LaunchScreen.storyboard */ = {
			isa = PBXVariantGroup;
			children = (
				F2F53FD41D7317AD007AFDAB /* Base */,
			);
			name = LaunchScreen.storyboard;
			sourceTree = "<group>";
		};
/* End PBXVariantGroup section */

/* Begin XCBuildConfiguration section */
		F2F53FD71D7317AD007AFDAB /* Debug */ = {
			isa = XCBuildConfiguration;
			buildSettings = {
				ALWAYS_SEARCH_USER_PATHS = NO;
				CLANG_ANALYZER_NONNULL = YES;
				CLANG_CXX_LANGUAGE_STANDARD = "gnu++0x";
				CLANG_CXX_LIBRARY = "libc++";
				CLANG_ENABLE_MODULES = YES;
				CLANG_ENABLE_OBJC_ARC = YES;
				CLANG_WARN_BOOL_CONVERSION = YES;
				CLANG_WARN_CONSTANT_CONVERSION = YES;
				CLANG_WARN_DIRECT_OBJC_ISA_USAGE = YES_ERROR;
				CLANG_WARN_EMPTY_BODY = YES;
				CLANG_WARN_ENUM_CONVERSION = YES;
				CLANG_WARN_INT_CONVERSION = YES;
				CLANG_WARN_OBJC_ROOT_CLASS = YES_ERROR;
				CLANG_WARN_UNREACHABLE_CODE = YES;
				CLANG_WARN__DUPLICATE_METHOD_MATCH = YES;
				"CODE_SIGN_IDENTITY[sdk=iphoneos*]" = "iPhone Developer";
				COPY_PHASE_STRIP = NO;
				DEBUG_INFORMATION_FORMAT = dwarf;
				ENABLE_STRICT_OBJC_MSGSEND = YES;
				ENABLE_TESTABILITY = YES;
				GCC_C_LANGUAGE_STANDARD = gnu99;
				GCC_DYNAMIC_NO_PIC = NO;
				GCC_NO_COMMON_BLOCKS = YES;
				GCC_OPTIMIZATION_LEVEL = 0;
				GCC_PREPROCESSOR_DEFINITIONS = (
					"DEBUG=1",
					"$(inherited)",
				);
				GCC_WARN_64_TO_32_BIT_CONVERSION = YES;
				GCC_WARN_ABOUT_RETURN_TYPE = YES_ERROR;
				GCC_WARN_UNDECLARED_SELECTOR = YES;
				GCC_WARN_UNINITIALIZED_AUTOS = YES_AGGRESSIVE;
				GCC_WARN_UNUSED_FUNCTION = YES;
				GCC_WARN_UNUSED_VARIABLE = YES;
				IPHONEOS_DEPLOYMENT_TARGET = 9.3;
				MTL_ENABLE_DEBUG_INFO = YES;
				ONLY_ACTIVE_ARCH = YES;
				SDKROOT = iphoneos;
				SWIFT_OPTIMIZATION_LEVEL = "-Onone";
				TARGETED_DEVICE_FAMILY = "1,2";
			};
			name = Debug;
		};
		F2F53FD81D7317AD007AFDAB /* Release */ = {
			isa = XCBuildConfiguration;
			buildSettings = {
				ALWAYS_SEARCH_USER_PATHS = NO;
				CLANG_ANALYZER_NONNULL = YES;
				CLANG_CXX_LANGUAGE_STANDARD = "gnu++0x";
				CLANG_CXX_LIBRARY = "libc++";
				CLANG_ENABLE_MODULES = YES;
				CLANG_ENABLE_OBJC_ARC = YES;
				CLANG_WARN_BOOL_CONVERSION = YES;
				CLANG_WARN_CONSTANT_CONVERSION = YES;
				CLANG_WARN_DIRECT_OBJC_ISA_USAGE = YES_ERROR;
				CLANG_WARN_EMPTY_BODY = YES;
				CLANG_WARN_ENUM_CONVERSION = YES;
				CLANG_WARN_INT_CONVERSION = YES;
				CLANG_WARN_OBJC_ROOT_CLASS = YES_ERROR;
				CLANG_WARN_UNREACHABLE_CODE = YES;
				CLANG_WARN__DUPLICATE_METHOD_MATCH = YES;
				"CODE_SIGN_IDENTITY[sdk=iphoneos*]" = "iPhone Developer";
				COPY_PHASE_STRIP = NO;
				DEBUG_INFORMATION_FORMAT = "dwarf-with-dsym";
				ENABLE_NS_ASSERTIONS = NO;
				ENABLE_STRICT_OBJC_MSGSEND = YES;
				GCC_C_LANGUAGE_STANDARD = gnu99;
				GCC_NO_COMMON_BLOCKS = YES;
				GCC_WARN_64_TO_32_BIT_CONVERSION = YES;
				GCC_WARN_ABOUT_RETURN_TYPE = YES_ERROR;
				GCC_WARN_UNDECLARED_SELECTOR = YES;
				GCC_WARN_UNINITIALIZED_AUTOS = YES_AGGRESSIVE;
				GCC_WARN_UNUSED_FUNCTION = YES;
				GCC_WARN_UNUSED_VARIABLE = YES;
				IPHONEOS_DEPLOYMENT_TARGET = 9.3;
				MTL_ENABLE_DEBUG_INFO = NO;
				SDKROOT = iphoneos;
				TARGETED_DEVICE_FAMILY = "1,2";
				VALIDATE_PRODUCT = YES;
			};
			name = Release;
		};
		F2F53FDA1D7317AD007AFDAB /* Debug */ = {
			isa = XCBuildConfiguration;
			buildSettings = {
				ASSETCATALOG_COMPILER_APPICON_NAME = AppIcon;
				INFOPLIST_FILE = CollapsingHeaderStarter/Info.plist;
				LD_RUNPATH_SEARCH_PATHS = "$(inherited) @executable_path/Frameworks";
				PRODUCT_BUNDLE_IDENTIFIER = com.emilgras.CollapsingHeaderStarter;
				PRODUCT_NAME = "$(TARGET_NAME)";
			};
			name = Debug;
		};
		F2F53FDB1D7317AD007AFDAB /* Release */ = {
			isa = XCBuildConfiguration;
			buildSettings = {
				ASSETCATALOG_COMPILER_APPICON_NAME = AppIcon;
				INFOPLIST_FILE = CollapsingHeaderStarter/Info.plist;
				LD_RUNPATH_SEARCH_PATHS = "$(inherited) @executable_path/Frameworks";
				PRODUCT_BUNDLE_IDENTIFIER = com.emilgras.CollapsingHeaderStarter;
				PRODUCT_NAME = "$(TARGET_NAME)";
			};
			name = Release;
		};
/* End XCBuildConfiguration section */

/* Begin XCConfigurationList section */
		F2F53FC21D7317AC007AFDAB /* Build configuration list for PBXProject "CollapsingHeaderStarter" */ = {
			isa = XCConfigurationList;
			buildConfigurations = (
				F2F53FD71D7317AD007AFDAB /* Debug */,
				F2F53FD81D7317AD007AFDAB /* Release */,
			);
			defaultConfigurationIsVisible = 0;
			defaultConfigurationName = Release;
		};
		F2F53FD91D7317AD007AFDAB /* Build configuration list for PBXNativeTarget "CollapsingHeaderStarter" */ = {
			isa = XCConfigurationList;
			buildConfigurations = (
				F2F53FDA1D7317AD007AFDAB /* Debug */,
				F2F53FDB1D7317AD007AFDAB /* Release */,
			);
			defaultConfigurationIsVisible = 0;
		};
/* End XCConfigurationList section */
	};
	rootObject = F2F53FBF1D7317AC007AFDAB /* Project object */;
}
